Microsoft Visual Studio Solution File, Format Version 12.00
# Visual Studio Version 17
VisualStudioVersion = 17.5.2.0
MinimumVisualStudioVersion = 10.0.40219.1
Project("{FAE04EC0-301F-11D3-BF4B-00C04F79EFBC}") = "EstudiantesAPI", "EstudiantesAPI\EstudiantesAPI.csproj", "{DBC1E32C-77DB-ACAA-3E55-E05C2437A165}"
EndProject
Project("{FAE04EC0-301F-11D3-BF4B-00C04F79EFBC}") = "EstudiantesAPI.Tests", "EstudiantesAPI.Tests\EstudiantesAPI.Tests.csproj", "{C6AAF47A-B254-81B8-42A3-6C4AE63FBFE9}"
EndProject
Global
	GlobalSection(SolutionConfigurationPlatforms) = preSolution
		Debug|Any CPU = Debug|Any CPU
		Release|Any CPU = Release|Any CPU
	EndGlobalSection
	GlobalSection(ProjectConfigurationPlatforms) = postSolution
		{DBC1E32C-77DB-ACAA-3E55-E05C2437A165}.Debug|Any CPU.ActiveCfg = Debug|Any CPU
		{DBC1E32C-77DB-ACAA-3E55-E05C2437A165}.Debug|Any CPU.Build.0 = Debug|Any CPU
		{DBC1E32C-77DB-ACAA-3E55-E05C2437A165}.Release|Any CPU.ActiveCfg = Release|Any CPU
		{DBC1E32C-77DB-ACAA-3E55-E05C2437A165}.Release|Any CPU.Build.0 = Release|Any CPU
		{C6AAF47A-B254-81B8-42A3-6C4AE63FBFE9}.Debug|Any CPU.ActiveCfg = Debug|Any CPU
		{C6AAF47A-B254-81B8-42A3-6C4AE63FBFE9}.Debug|Any CPU.Build.0 = Debug|Any CPU
		{C6AAF47A-B254-81B8-42A3-6C4AE63FBFE9}.Release|Any CPU.ActiveCfg = Release|Any CPU
		{C6AAF47A-B254-81B8-42A3-6C4AE63FBFE9}.Release|Any CPU.Build.0 = Release|Any CPU
	EndGlobalSection
	GlobalSection(SolutionProperties) = preSolution
		HideSolutionNode = FALSE
	EndGlobalSection
	GlobalSection(ExtensibilityGlobals) = postSolution
		SolutionGuid = {F40AE3CE-A1BE-4DE8-9209-43957C545E6A}
	EndGlobalSection
EndGlobal
